
Microsoft Visual Studio Solution File, Format Version 12.00
# Visual Studio Version 17
VisualStudioVersion = 17.3.32922.545
MinimumVisualStudioVersion = 10.0.40219.1
Project("{FAE04EC0-301F-11D3-BF4B-00C04F79EFBC}") = "Portafolio", "Portafolio.csproj", "{FB4B6226-8544-4F85-8DAA-8822EEA05C7C}"
EndProject
Global
	GlobalSection(SolutionConfigurationPlatforms) = preSolution
		Debug|Any CPU = Debug|Any CPU
		Release|Any CPU = Release|Any CPU
	EndGlobalSection
	GlobalSection(ProjectConfigurationPlatforms) = postSolution
		{FB4B6226-8544-4F85-8DAA-8822EEA05C7C}.Debug|Any CPU.ActiveCfg = Debug|Any CPU
		{FB4B6226-8544-4F85-8DAA-8822EEA05C7C}.Debug|Any CPU.Build.0 = Debug|Any CPU
		{FB4B6226-8544-4F85-8DAA-8822EEA05C7C}.Release|Any CPU.ActiveCfg = Release|Any CPU
		{FB4B6226-8544-4F85-8DAA-8822EEA05C7C}.Release|Any CPU.Build.0 = Release|Any CPU
	EndGlobalSection
	GlobalSection(SolutionProperties) = preSolution
		HideSolutionNode = FALSE
	EndGlobalSection
	GlobalSection(ExtensibilityGlobals) = postSolution
		SolutionGuid = {5D94FD9F-5E88-45DD-99E0-92E57B380729}
	EndGlobalSection
EndGlobal
